
Microsoft Visual Studio Solution File, Format Version 11.00
# Visual Studio 2010
Project("{8BC9CEB8-8B4A-11D0-8D11-00A0C91BC942}") = "Square_Rotation", "Square_Rotation\Square_Rotation.vcxproj", "{25C473E8-8960-4908-AD75-F8DB274F2FFE}"
EndProject
Global
	GlobalSection(SolutionConfigurationPlatforms) = preSolution
		Debug|Win32 = Debug|Win32
		Release|Win32 = Release|Win32
	EndGlobalSection
	GlobalSection(ProjectConfigurationPlatforms) = postSolution
		{25C473E8-8960-4908-AD75-F8DB274F2FFE}.Debug|Win32.ActiveCfg = Debug|Win32
		{25C473E8-8960-4908-AD75-F8DB274F2FFE}.Debug|Win32.Build.0 = Debug|Win32
		{25C473E8-8960-4908-AD75-F8DB274F2FFE}.Release|Win32.ActiveCfg = Release|Win32
		{25C473E8-8960-4908-AD75-F8DB274F2FFE}.Release|Win32.Build.0 = Release|Win32
	EndGlobalSection
	GlobalSection(SolutionProperties) = preSolution
		HideSolutionNode = FALSE
	EndGlobalSection
EndGlobal
