
Microsoft Visual Studio Solution File, Format Version 11.00
# Visual Studio 2010
Project("{8BC9CEB8-8B4A-11D0-8D11-00A0C91BC942}") = "Square_MoveAutomatic", "Square_MoveAutomatic\Square_MoveAutomatic.vcxproj", "{4AC5A752-7574-41AB-8BFD-59F1C50A307A}"
EndProject
Global
	GlobalSection(SolutionConfigurationPlatforms) = preSolution
		Debug|Win32 = Debug|Win32
		Release|Win32 = Release|Win32
	EndGlobalSection
	GlobalSection(ProjectConfigurationPlatforms) = postSolution
		{4AC5A752-7574-41AB-8BFD-59F1C50A307A}.Debug|Win32.ActiveCfg = Debug|Win32
		{4AC5A752-7574-41AB-8BFD-59F1C50A307A}.Debug|Win32.Build.0 = Debug|Win32
		{4AC5A752-7574-41AB-8BFD-59F1C50A307A}.Release|Win32.ActiveCfg = Release|Win32
		{4AC5A752-7574-41AB-8BFD-59F1C50A307A}.Release|Win32.Build.0 = Release|Win32
	EndGlobalSection
	GlobalSection(SolutionProperties) = preSolution
		HideSolutionNode = FALSE
	EndGlobalSection
EndGlobal
