// !$*UTF8*$!
{
	archiveVersion = 1;
	classes = {
	};
	objectVersion = 46;
	objects = {

/* Begin PBXBuildFile section */
		957DF7F419AEBF5900BED9B1 /* Cocoa.framework in Frameworks */ = {isa = PBXBuildFile; fileRef = 957DF7F319AEBF5900BED9B1 /* Cocoa.framework */; };
		957DF7FE19AEBF5900BED9B1 /* InfoPlist.strings in Resources */ = {isa = PBXBuildFile; fileRef = 957DF7FC19AEBF5900BED9B1 /* InfoPlist.strings */; };
		957DF80419AEBF5900BED9B1 /* Credits.rtf in Resources */ = {isa = PBXBuildFile; fileRef = 957DF80219AEBF5900BED9B1 /* Credits.rtf */; };
		957DF80C19AEBF5900BED9B1 /* Images.xcassets in Resources */ = {isa = PBXBuildFile; fileRef = 957DF80B19AEBF5900BED9B1 /* Images.xcassets */; };
		957DF81319AEBF5900BED9B1 /* XCTest.framework in Frameworks */ = {isa = PBXBuildFile; fileRef = 957DF81219AEBF5900BED9B1 /* XCTest.framework */; };
		957DF81419AEBF5900BED9B1 /* Cocoa.framework in Frameworks */ = {isa = PBXBuildFile; fileRef = 957DF7F319AEBF5900BED9B1 /* Cocoa.framework */; };
		957DF81C19AEBF5900BED9B1 /* InfoPlist.strings in Resources */ = {isa = PBXBuildFile; fileRef = 957DF81A19AEBF5900BED9B1 /* InfoPlist.strings */; };
		957DF81E19AEBF5900BED9B1 /* TriangleTests.m in Sources */ = {isa = PBXBuildFile; fileRef = 957DF81D19AEBF5900BED9B1 /* TriangleTests.m */; };
		957DF82819AEC0B200BED9B1 /* GLUT.framework in Frameworks */ = {isa = PBXBuildFile; fileRef = 957DF82719AEC0B200BED9B1 /* GLUT.framework */; };
		957DF82A19AEC0BB00BED9B1 /* OpenGL.framework in Frameworks */ = {isa = PBXBuildFile; fileRef = 957DF82919AEC0BB00BED9B1 /* OpenGL.framework */; };
		957DF84919AEC99900BED9B1 /* libGLTools.a in Frameworks */ = {isa = PBXBuildFile; fileRef = 957DF84819AEC99900BED9B1 /* libGLTools.a */; };
		957DF87319AECF9C00BED9B1 /* Triangle.cpp in Sources */ = {isa = PBXBuildFile; fileRef = 957DF87219AECF9C00BED9B1 /* Triangle.cpp */; };
/* End PBXBuildFile section */

/* Begin PBXContainerItemProxy section */
		957DF81519AEBF5900BED9B1 /* PBXContainerItemProxy */ = {
			isa = PBXContainerItemProxy;
			containerPortal = 957DF7E819AEBF5900BED9B1 /* Project object */;
			proxyType = 1;
			remoteGlobalIDString = 957DF7EF19AEBF5900BED9B1;
			remoteInfo = Triangle;
		};
/* End PBXContainerItemProxy section */

/* Begin PBXFileReference section */
		957DF7F019AEBF5900BED9B1 /* Triangle.app */ = {isa = PBXFileReference; explicitFileType = wrapper.application; includeInIndex = 0; path = Triangle.app; sourceTree = BUILT_PRODUCTS_DIR; };
		957DF7F319AEBF5900BED9B1 /* Cocoa.framework */ = {isa = PBXFileReference; lastKnownFileType = wrapper.framework; name = Cocoa.framework; path = System/Library/Frameworks/Cocoa.framework; sourceTree = SDKROOT; };
		957DF7F619AEBF5900BED9B1 /* AppKit.framework */ = {isa = PBXFileReference; lastKnownFileType = wrapper.framework; name = AppKit.framework; path = System/Library/Frameworks/AppKit.framework; sourceTree = SDKROOT; };
		957DF7F719AEBF5900BED9B1 /* CoreData.framework */ = {isa = PBXFileReference; lastKnownFileType = wrapper.framework; name = CoreData.framework; path = System/Library/Frameworks/CoreData.framework; sourceTree = SDKROOT; };
		957DF7F819AEBF5900BED9B1 /* Foundation.framework */ = {isa = PBXFileReference; lastKnownFileType = wrapper.framework; name = Foundation.framework; path = System/Library/Frameworks/Foundation.framework; sourceTree = SDKROOT; };
		957DF7FB19AEBF5900BED9B1 /* Triangle-Info.plist */ = {isa = PBXFileReference; lastKnownFileType = text.plist.xml; path = "Triangle-Info.plist"; sourceTree = "<group>"; };
		957DF7FD19AEBF5900BED9B1 /* en */ = {isa = PBXFileReference; lastKnownFileType = text.plist.strings; name = en; path = en.lproj/InfoPlist.strings; sourceTree = "<group>"; };
		957DF80119AEBF5900BED9B1 /* Triangle-Prefix.pch */ = {isa = PBXFileReference; lastKnownFileType = sourcecode.c.h; path = "Triangle-Prefix.pch"; sourceTree = "<group>"; };
		957DF80319AEBF5900BED9B1 /* en */ = {isa = PBXFileReference; lastKnownFileType = text.rtf; name = en; path = en.lproj/Credits.rtf; sourceTree = "<group>"; };
		957DF80B19AEBF5900BED9B1 /* Images.xcassets */ = {isa = PBXFileReference; lastKnownFileType = folder.assetcatalog; path = Images.xcassets; sourceTree = "<group>"; };
		957DF81119AEBF5900BED9B1 /* TriangleTests.xctest */ = {isa = PBXFileReference; explicitFileType = wrapper.cfbundle; includeInIndex = 0; path = TriangleTests.xctest; sourceTree = BUILT_PRODUCTS_DIR; };
		957DF81219AEBF5900BED9B1 /* XCTest.framework */ = {isa = PBXFileReference; lastKnownFileType = wrapper.framework; name = XCTest.framework; path = Library/Frameworks/XCTest.framework; sourceTree = DEVELOPER_DIR; };
		957DF81919AEBF5900BED9B1 /* TriangleTests-Info.plist */ = {isa = PBXFileReference; lastKnownFileType = text.plist.xml; path = "TriangleTests-Info.plist"; sourceTree = "<group>"; };
		957DF81B19AEBF5900BED9B1 /* en */ = {isa = PBXFileReference; lastKnownFileType = text.plist.strings; name = en; path = en.lproj/InfoPlist.strings; sourceTree = "<group>"; };
		957DF81D19AEBF5900BED9B1 /* TriangleTests.m */ = {isa = PBXFileReference; lastKnownFileType = sourcecode.c.objc; path = TriangleTests.m; sourceTree = "<group>"; };
		957DF82719AEC0B200BED9B1 /* GLUT.framework */ = {isa = PBXFileReference; lastKnownFileType = wrapper.framework; name = GLUT.framework; path = System/Library/Frameworks/GLUT.framework; sourceTree = SDKROOT; };
		957DF82919AEC0BB00BED9B1 /* OpenGL.framework */ = {isa = PBXFileReference; lastKnownFileType = wrapper.framework; name = OpenGL.framework; path = System/Library/Frameworks/OpenGL.framework; sourceTree = SDKROOT; };
		957DF84819AEC99900BED9B1 /* libGLTools.a */ = {isa = PBXFileReference; lastKnownFileType = archive.ar; path = libGLTools.a; sourceTree = "<group>"; };
		957DF87219AECF9C00BED9B1 /* Triangle.cpp */ = {isa = PBXFileReference; fileEncoding = 4; lastKnownFileType = sourcecode.cpp.cpp; path = Triangle.cpp; sourceTree = "<group>"; };
/* End PBXFileReference section */

/* Begin PBXFrameworksBuildPhase section */
		957DF7ED19AEBF5900BED9B1 /* Frameworks */ = {
			isa = PBXFrameworksBuildPhase;
			buildActionMask = 2147483647;
			files = (
				957DF82A19AEC0BB00BED9B1 /* OpenGL.framework in Frameworks */,
				957DF82819AEC0B200BED9B1 /* GLUT.framework in Frameworks */,
				957DF84919AEC99900BED9B1 /* libGLTools.a in Frameworks */,
				957DF7F419AEBF5900BED9B1 /* Cocoa.framework in Frameworks */,
			);
			runOnlyForDeploymentPostprocessing = 0;
		};
		957DF80E19AEBF5900BED9B1 /* Frameworks */ = {
			isa = PBXFrameworksBuildPhase;
			buildActionMask = 2147483647;
			files = (
				957DF81419AEBF5900BED9B1 /* Cocoa.framework in Frameworks */,
				957DF81319AEBF5900BED9B1 /* XCTest.framework in Frameworks */,
			);
			runOnlyForDeploymentPostprocessing = 0;
		};
/* End PBXFrameworksBuildPhase section */

/* Begin PBXGroup section */
		957DF7E719AEBF5900BED9B1 = {
			isa = PBXGroup;
			children = (
				957DF7F919AEBF5900BED9B1 /* Triangle */,
				957DF81719AEBF5900BED9B1 /* TriangleTests */,
				957DF7F219AEBF5900BED9B1 /* Frameworks */,
				957DF7F119AEBF5900BED9B1 /* Products */,
			);
			sourceTree = "<group>";
		};
		957DF7F119AEBF5900BED9B1 /* Products */ = {
			isa = PBXGroup;
			children = (
				957DF7F019AEBF5900BED9B1 /* Triangle.app */,
				957DF81119AEBF5900BED9B1 /* TriangleTests.xctest */,
			);
			name = Products;
			sourceTree = "<group>";
		};
		957DF7F219AEBF5900BED9B1 /* Frameworks */ = {
			isa = PBXGroup;
			children = (
				957DF84819AEC99900BED9B1 /* libGLTools.a */,
				957DF82919AEC0BB00BED9B1 /* OpenGL.framework */,
				957DF82719AEC0B200BED9B1 /* GLUT.framework */,
				957DF7F319AEBF5900BED9B1 /* Cocoa.framework */,
				957DF81219AEBF5900BED9B1 /* XCTest.framework */,
				957DF7F519AEBF5900BED9B1 /* Other Frameworks */,
			);
			name = Frameworks;
			sourceTree = "<group>";
		};
		957DF7F519AEBF5900BED9B1 /* Other Frameworks */ = {
			isa = PBXGroup;
			children = (
				957DF7F619AEBF5900BED9B1 /* AppKit.framework */,
				957DF7F719AEBF5900BED9B1 /* CoreData.framework */,
				957DF7F819AEBF5900BED9B1 /* Foundation.framework */,
			);
			name = "Other Frameworks";
			sourceTree = "<group>";
		};
		957DF7F919AEBF5900BED9B1 /* Triangle */ = {
			isa = PBXGroup;
			children = (
				957DF87219AECF9C00BED9B1 /* Triangle.cpp */,
				957DF80B19AEBF5900BED9B1 /* Images.xcassets */,
				957DF7FA19AEBF5900BED9B1 /* Supporting Files */,
			);
			path = Triangle;
			sourceTree = "<group>";
		};
		957DF7FA19AEBF5900BED9B1 /* Supporting Files */ = {
			isa = PBXGroup;
			children = (
				957DF7FB19AEBF5900BED9B1 /* Triangle-Info.plist */,
				957DF7FC19AEBF5900BED9B1 /* InfoPlist.strings */,
				957DF80119AEBF5900BED9B1 /* Triangle-Prefix.pch */,
				957DF80219AEBF5900BED9B1 /* Credits.rtf */,
			);
			name = "Supporting Files";
			sourceTree = "<group>";
		};
		957DF81719AEBF5900BED9B1 /* TriangleTests */ = {
			isa = PBXGroup;
			children = (
				957DF81D19AEBF5900BED9B1 /* TriangleTests.m */,
				957DF81819AEBF5900BED9B1 /* Supporting Files */,
			);
			path = TriangleTests;
			sourceTree = "<group>";
		};
		957DF81819AEBF5900BED9B1 /* Supporting Files */ = {
			isa = PBXGroup;
			children = (
				957DF81919AEBF5900BED9B1 /* TriangleTests-Info.plist */,
				957DF81A19AEBF5900BED9B1 /* InfoPlist.strings */,
			);
			name = "Supporting Files";
			sourceTree = "<group>";
		};
/* End PBXGroup section */

/* Begin PBXNativeTarget section */
		957DF7EF19AEBF5900BED9B1 /* Triangle */ = {
			isa = PBXNativeTarget;
			buildConfigurationList = 957DF82119AEBF5900BED9B1 /* Build configuration list for PBXNativeTarget "Triangle" */;
			buildPhases = (
				957DF7EC19AEBF5900BED9B1 /* Sources */,
				957DF7ED19AEBF5900BED9B1 /* Frameworks */,
				957DF7EE19AEBF5900BED9B1 /* Resources */,
			);
			buildRules = (
			);
			dependencies = (
			);
			name = Triangle;
			productName = Triangle;
			productReference = 957DF7F019AEBF5900BED9B1 /* Triangle.app */;
			productType = "com.apple.product-type.application";
		};
		957DF81019AEBF5900BED9B1 /* TriangleTests */ = {
			isa = PBXNativeTarget;
			buildConfigurationList = 957DF82419AEBF5900BED9B1 /* Build configuration list for PBXNativeTarget "TriangleTests" */;
			buildPhases = (
				957DF80D19AEBF5900BED9B1 /* Sources */,
				957DF80E19AEBF5900BED9B1 /* Frameworks */,
				957DF80F19AEBF5900BED9B1 /* Resources */,
			);
			buildRules = (
			);
			dependencies = (
				957DF81619AEBF5900BED9B1 /* PBXTargetDependency */,
			);
			name = TriangleTests;
			productName = TriangleTests;
			productReference = 957DF81119AEBF5900BED9B1 /* TriangleTests.xctest */;
			productType = "com.apple.product-type.bundle.unit-test";
		};
/* End PBXNativeTarget section */

/* Begin PBXProject section */
		957DF7E819AEBF5900BED9B1 /* Project object */ = {
			isa = PBXProject;
			attributes = {
				LastUpgradeCheck = 0510;
				ORGANIZATIONNAME = "zju-cst";
				TargetAttributes = {
					957DF81019AEBF5900BED9B1 = {
						TestTargetID = 957DF7EF19AEBF5900BED9B1;
					};
				};
			};
			buildConfigurationList = 957DF7EB19AEBF5900BED9B1 /* Build configuration list for PBXProject "Triangle" */;
			compatibilityVersion = "Xcode 3.2";
			developmentRegion = English;
			hasScannedForEncodings = 0;
			knownRegions = (
				en,
				Base,
			);
			mainGroup = 957DF7E719AEBF5900BED9B1;
			productRefGroup = 957DF7F119AEBF5900BED9B1 /* Products */;
			projectDirPath = "";
			projectRoot = "";
			targets = (
				957DF7EF19AEBF5900BED9B1 /* Triangle */,
				957DF81019AEBF5900BED9B1 /* TriangleTests */,
			);
		};
/* End PBXProject section */

/* Begin PBXResourcesBuildPhase section */
		957DF7EE19AEBF5900BED9B1 /* Resources */ = {
			isa = PBXResourcesBuildPhase;
			buildActionMask = 2147483647;
			files = (
				957DF7FE19AEBF5900BED9B1 /* InfoPlist.strings in Resources */,
				957DF80C19AEBF5900BED9B1 /* Images.xcassets in Resources */,
				957DF80419AEBF5900BED9B1 /* Credits.rtf in Resources */,
			);
			runOnlyForDeploymentPostprocessing = 0;
		};
		957DF80F19AEBF5900BED9B1 /* Resources */ = {
			isa = PBXResourcesBuildPhase;
			buildActionMask = 2147483647;
			files = (
				957DF81C19AEBF5900BED9B1 /* InfoPlist.strings in Resources */,
			);
			runOnlyForDeploymentPostprocessing = 0;
		};
/* End PBXResourcesBuildPhase section */

/* Begin PBXSourcesBuildPhase section */
		957DF7EC19AEBF5900BED9B1 /* Sources */ = {
			isa = PBXSourcesBuildPhase;
			buildActionMask = 2147483647;
			files = (
				957DF87319AECF9C00BED9B1 /* Triangle.cpp in Sources */,
			);
			runOnlyForDeploymentPostprocessing = 0;
		};
		957DF80D19AEBF5900BED9B1 /* Sources */ = {
			isa = PBXSourcesBuildPhase;
			buildActionMask = 2147483647;
			files = (
				957DF81E19AEBF5900BED9B1 /* TriangleTests.m in Sources */,
			);
			runOnlyForDeploymentPostprocessing = 0;
		};
/* End PBXSourcesBuildPhase section */

/* Begin PBXTargetDependency section */
		957DF81619AEBF5900BED9B1 /* PBXTargetDependency */ = {
			isa = PBXTargetDependency;
			target = 957DF7EF19AEBF5900BED9B1 /* Triangle */;
			targetProxy = 957DF81519AEBF5900BED9B1 /* PBXContainerItemProxy */;
		};
/* End PBXTargetDependency section */

/* Begin PBXVariantGroup section */
		957DF7FC19AEBF5900BED9B1 /* InfoPlist.strings */ = {
			isa = PBXVariantGroup;
			children = (
				957DF7FD19AEBF5900BED9B1 /* en */,
			);
			name = InfoPlist.strings;
			sourceTree = "<group>";
		};
		957DF80219AEBF5900BED9B1 /* Credits.rtf */ = {
			isa = PBXVariantGroup;
			children = (
				957DF80319AEBF5900BED9B1 /* en */,
			);
			name = Credits.rtf;
			sourceTree = "<group>";
		};
		957DF81A19AEBF5900BED9B1 /* InfoPlist.strings */ = {
			isa = PBXVariantGroup;
			children = (
				957DF81B19AEBF5900BED9B1 /* en */,
			);
			name = InfoPlist.strings;
			sourceTree = "<group>";
		};
/* End PBXVariantGroup section */

/* Begin XCBuildConfiguration section */
		957DF81F19AEBF5900BED9B1 /* Debug */ = {
			isa = XCBuildConfiguration;
			buildSettings = {
				ALWAYS_SEARCH_USER_PATHS = NO;
				CLANG_CXX_LANGUAGE_STANDARD = "gnu++0x";
				CLANG_CXX_LIBRARY = "libc++";
				CLANG_ENABLE_MODULES = YES;
				CLANG_ENABLE_OBJC_ARC = YES;
				CLANG_WARN_BOOL_CONVERSION = YES;
				CLANG_WARN_CONSTANT_CONVERSION = YES;
				CLANG_WARN_DIRECT_OBJC_ISA_USAGE = YES_ERROR;
				CLANG_WARN_EMPTY_BODY = YES;
				CLANG_WARN_ENUM_CONVERSION = YES;
				CLANG_WARN_INT_CONVERSION = YES;
				CLANG_WARN_OBJC_ROOT_CLASS = YES_ERROR;
				CLANG_WARN__DUPLICATE_METHOD_MATCH = YES;
				COPY_PHASE_STRIP = NO;
				GCC_C_LANGUAGE_STANDARD = gnu99;
				GCC_DYNAMIC_NO_PIC = NO;
				GCC_ENABLE_OBJC_EXCEPTIONS = YES;
				GCC_OPTIMIZATION_LEVEL = 0;
				GCC_PREPROCESSOR_DEFINITIONS = (
					"DEBUG=1",
					"$(inherited)",
				);
				GCC_SYMBOLS_PRIVATE_EXTERN = NO;
				GCC_WARN_64_TO_32_BIT_CONVERSION = YES;
				GCC_WARN_ABOUT_RETURN_TYPE = YES_ERROR;
				GCC_WARN_UNDECLARED_SELECTOR = YES;
				GCC_WARN_UNINITIALIZED_AUTOS = YES_AGGRESSIVE;
				GCC_WARN_UNUSED_FUNCTION = YES;
				GCC_WARN_UNUSED_VARIABLE = YES;
				MACOSX_DEPLOYMENT_TARGET = 10.9;
				ONLY_ACTIVE_ARCH = YES;
				SDKROOT = macosx;
			};
			name = Debug;
		};
		957DF82019AEBF5900BED9B1 /* Release */ = {
			isa = XCBuildConfiguration;
			buildSettings = {
				ALWAYS_SEARCH_USER_PATHS = NO;
				CLANG_CXX_LANGUAGE_STANDARD = "gnu++0x";
				CLANG_CXX_LIBRARY = "libc++";
				CLANG_ENABLE_MODULES = YES;
				CLANG_ENABLE_OBJC_ARC = YES;
				CLANG_WARN_BOOL_CONVERSION = YES;
				CLANG_WARN_CONSTANT_CONVERSION = YES;
				CLANG_WARN_DIRECT_OBJC_ISA_USAGE = YES_ERROR;
				CLANG_WARN_EMPTY_BODY = YES;
				CLANG_WARN_ENUM_CONVERSION = YES;
				CLANG_WARN_INT_CONVERSION = YES;
				CLANG_WARN_OBJC_ROOT_CLASS = YES_ERROR;
				CLANG_WARN__DUPLICATE_METHOD_MATCH = YES;
				COPY_PHASE_STRIP = YES;
				DEBUG_INFORMATION_FORMAT = "dwarf-with-dsym";
				ENABLE_NS_ASSERTIONS = NO;
				GCC_C_LANGUAGE_STANDARD = gnu99;
				GCC_ENABLE_OBJC_EXCEPTIONS = YES;
				GCC_WARN_64_TO_32_BIT_CONVERSION = YES;
				GCC_WARN_ABOUT_RETURN_TYPE = YES_ERROR;
				GCC_WARN_UNDECLARED_SELECTOR = YES;
				GCC_WARN_UNINITIALIZED_AUTOS = YES_AGGRESSIVE;
				GCC_WARN_UNUSED_FUNCTION = YES;
				GCC_WARN_UNUSED_VARIABLE = YES;
				MACOSX_DEPLOYMENT_TARGET = 10.9;
				SDKROOT = macosx;
			};
			name = Release;
		};
		957DF82219AEBF5900BED9B1 /* Debug */ = {
			isa = XCBuildConfiguration;
			buildSettings = {
				ASSETCATALOG_COMPILER_APPICON_NAME = AppIcon;
				COMBINE_HIDPI_IMAGES = YES;
				GCC_PRECOMPILE_PREFIX_HEADER = YES;
				GCC_PREFIX_HEADER = "Triangle/Triangle-Prefix.pch";
				HEADER_SEARCH_PATHS = "$(GLTOOLS_INCLUDE)";
				INFOPLIST_FILE = "Triangle/Triangle-Info.plist";
				LIBRARY_SEARCH_PATHS = (
					"$(inherited)",
					"$(PROJECT_DIR)",
				);
				PRODUCT_NAME = "$(TARGET_NAME)";
				WRAPPER_EXTENSION = app;
			};
			name = Debug;
		};
		957DF82319AEBF5900BED9B1 /* Release */ = {
			isa = XCBuildConfiguration;
			buildSettings = {
				ASSETCATALOG_COMPILER_APPICON_NAME = AppIcon;
				COMBINE_HIDPI_IMAGES = YES;
				GCC_PRECOMPILE_PREFIX_HEADER = YES;
				GCC_PREFIX_HEADER = "Triangle/Triangle-Prefix.pch";
				HEADER_SEARCH_PATHS = "$(GLTOOLS_INCLUDE)";
				INFOPLIST_FILE = "Triangle/Triangle-Info.plist";
				LIBRARY_SEARCH_PATHS = (
					"$(inherited)",
					"$(PROJECT_DIR)",
				);
				PRODUCT_NAME = "$(TARGET_NAME)";
				WRAPPER_EXTENSION = app;
			};
			name = Release;
		};
		957DF82519AEBF5900BED9B1 /* Debug */ = {
			isa = XCBuildConfiguration;
			buildSettings = {
				BUNDLE_LOADER = "$(BUILT_PRODUCTS_DIR)/Triangle.app/Contents/MacOS/Triangle";
				COMBINE_HIDPI_IMAGES = YES;
				FRAMEWORK_SEARCH_PATHS = (
					"$(DEVELOPER_FRAMEWORKS_DIR)",
					"$(inherited)",
				);
				GCC_PRECOMPILE_PREFIX_HEADER = YES;
				GCC_PREFIX_HEADER = "Triangle/Triangle-Prefix.pch";
				GCC_PREPROCESSOR_DEFINITIONS = (
					"DEBUG=1",
					"$(inherited)",
				);
				INFOPLIST_FILE = "TriangleTests/TriangleTests-Info.plist";
				PRODUCT_NAME = "$(TARGET_NAME)";
				TEST_HOST = "$(BUNDLE_LOADER)";
				WRAPPER_EXTENSION = xctest;
			};
			name = Debug;
		};
		957DF82619AEBF5900BED9B1 /* Release */ = {
			isa = XCBuildConfiguration;
			buildSettings = {
				BUNDLE_LOADER = "$(BUILT_PRODUCTS_DIR)/Triangle.app/Contents/MacOS/Triangle";
				COMBINE_HIDPI_IMAGES = YES;
				FRAMEWORK_SEARCH_PATHS = (
					"$(DEVELOPER_FRAMEWORKS_DIR)",
					"$(inherited)",
				);
				GCC_PRECOMPILE_PREFIX_HEADER = YES;
				GCC_PREFIX_HEADER = "Triangle/Triangle-Prefix.pch";
				INFOPLIST_FILE = "TriangleTests/TriangleTests-Info.plist";
				PRODUCT_NAME = "$(TARGET_NAME)";
				TEST_HOST = "$(BUNDLE_LOADER)";
				WRAPPER_EXTENSION = xctest;
			};
			name = Release;
		};
/* End XCBuildConfiguration section */

/* Begin XCConfigurationList section */
		957DF7EB19AEBF5900BED9B1 /* Build configuration list for PBXProject "Triangle" */ = {
			isa = XCConfigurationList;
			buildConfigurations = (
				957DF81F19AEBF5900BED9B1 /* Debug */,
				957DF82019AEBF5900BED9B1 /* Release */,
			);
			defaultConfigurationIsVisible = 0;
			defaultConfigurationName = Release;
		};
		957DF82119AEBF5900BED9B1 /* Build configuration list for PBXNativeTarget "Triangle" */ = {
			isa = XCConfigurationList;
			buildConfigurations = (
				957DF82219AEBF5900BED9B1 /* Debug */,
				957DF82319AEBF5900BED9B1 /* Release */,
			);
			defaultConfigurationIsVisible = 0;
			defaultConfigurationName = Release;
		};
		957DF82419AEBF5900BED9B1 /* Build configuration list for PBXNativeTarget "TriangleTests" */ = {
			isa = XCConfigurationList;
			buildConfigurations = (
				957DF82519AEBF5900BED9B1 /* Debug */,
				957DF82619AEBF5900BED9B1 /* Release */,
			);
			defaultConfigurationIsVisible = 0;
			defaultConfigurationName = Release;
		};
/* End XCConfigurationList section */
	};
	rootObject = 957DF7E819AEBF5900BED9B1 /* Project object */;
}
